
Microsoft Visual Studio Solution File, Format Version 12.00
# Visual Studio Version 17
VisualStudioVersion = 17.14.37012.4 d17.14
MinimumVisualStudioVersion = 10.0.40219.1
Project("{FAE04EC0-301F-11D3-BF4B-00C04F79EFBC}") = "QLNhaTro", "QLNhaTro\QLNhaTro.csproj", "{319B6CC3-3AA3-4654-B906-732C88F71200}"
EndProject
Global
	GlobalSection(SolutionConfigurationPlatforms) = preSolution
		Debug|Any CPU = Debug|Any CPU
		Release|Any CPU = Release|Any CPU
	EndGlobalSection
	GlobalSection(ProjectConfigurationPlatforms) = postSolution
		{319B6CC3-3AA3-4654-B906-732C88F71200}.Debug|Any CPU.ActiveCfg = Debug|Any CPU
		{319B6CC3-3AA3-4654-B906-732C88F71200}.Debug|Any CPU.Build.0 = Debug|Any CPU
		{319B6CC3-3AA3-4654-B906-732C88F71200}.Release|Any CPU.ActiveCfg = Release|Any CPU
		{319B6CC3-3AA3-4654-B906-732C88F71200}.Release|Any CPU.Build.0 = Release|Any CPU
	EndGlobalSection
	GlobalSection(SolutionProperties) = preSolution
		HideSolutionNode = FALSE
	EndGlobalSection
	GlobalSection(ExtensibilityGlobals) = postSolution
		SolutionGuid = {F63E0854-5FA7-47F6-82FB-5133F49F8F4B}
	EndGlobalSection
EndGlobal
